
Microsoft Visual Studio Solution File, Format Version 12.00
# Visual Studio Version 17
VisualStudioVersion = 17.8.34330.188
MinimumVisualStudioVersion = 10.0.40219.1
Project("{FAE04EC0-301F-11D3-BF4B-00C04F79EFBC}") = "TodoMvcApp", "TodoMvcApp\TodoMvcApp.csproj", "{841E7BCA-6301-4694-8FE7-9FF35856E849}"
EndProject
Project("{2150E333-8FDC-42A3-9474-1A3956D46DE8}") = "Tests", "Tests", "{BCC2922E-DADD-443E-910E-0A6F4437FBDA}"
EndProject
Project("{FAE04EC0-301F-11D3-BF4B-00C04F79EFBC}") = "XUnitTests", "XUnitTests\XUnitTests.csproj", "{3D007C6B-E2E0-4735-B5C4-6441D5348C7C}"
EndProject
Global
	GlobalSection(SolutionConfigurationPlatforms) = preSolution
		Debug|Any CPU = Debug|Any CPU
		Release|Any CPU = Release|Any CPU
	EndGlobalSection
	GlobalSection(ProjectConfigurationPlatforms) = postSolution
		{841E7BCA-6301-4694-8FE7-9FF35856E849}.Debug|Any CPU.ActiveCfg = Debug|Any CPU
		{841E7BCA-6301-4694-8FE7-9FF35856E849}.Debug|Any CPU.Build.0 = Debug|Any CPU
		{841E7BCA-6301-4694-8FE7-9FF35856E849}.Release|Any CPU.ActiveCfg = Release|Any CPU
		{841E7BCA-6301-4694-8FE7-9FF35856E849}.Release|Any CPU.Build.0 = Release|Any CPU
		{3D007C6B-E2E0-4735-B5C4-6441D5348C7C}.Debug|Any CPU.ActiveCfg = Debug|Any CPU
		{3D007C6B-E2E0-4735-B5C4-6441D5348C7C}.Debug|Any CPU.Build.0 = Debug|Any CPU
		{3D007C6B-E2E0-4735-B5C4-6441D5348C7C}.Release|Any CPU.ActiveCfg = Release|Any CPU
		{3D007C6B-E2E0-4735-B5C4-6441D5348C7C}.Release|Any CPU.Build.0 = Release|Any CPU
	EndGlobalSection
	GlobalSection(SolutionProperties) = preSolution
		HideSolutionNode = FALSE
	EndGlobalSection
	GlobalSection(NestedProjects) = preSolution
		{3D007C6B-E2E0-4735-B5C4-6441D5348C7C} = {BCC2922E-DADD-443E-910E-0A6F4437FBDA}
	EndGlobalSection
	GlobalSection(ExtensibilityGlobals) = postSolution
		SolutionGuid = {E7517932-1AC7-49D7-A0FD-BB96ECCA3910}
	EndGlobalSection
EndGlobal
